PODS:
  - SBTUITestTunnelClient (11.0.0):
    - SBTUITestTunnelCommon (= 11.0.0)
  - SBTUITestTunnelCommon (11.0.0)
  - SBTUITestTunnelServer (11.0.0):
    - SBTUITestTunnelCommon (= 11.0.0)

DEPENDENCIES:
  - SBTUITestTunnelClient (from `../`)
  - SBTUITestTunnelCommon (from `../`)
  - SBTUITestTunnelServer (from `../`)

EXTERNAL SOURCES:
  SBTUITestTunnelClient:
    :path: "../"
  SBTUITestTunnelCommon:
    :path: "../"
  SBTUITestTunnelServer:
    :path: "../"

SPEC CHECKSUMS:
  SBTUITestTunnelClient: ff68080a0b3e1e12a4b57e0a6719a0deab918040
  SBTUITestTunnelCommon: 6bf85343e963a9f940d8050947e083908c978f8d
  SBTUITestTunnelServer: fd8a0aa0baf6455ceb3c77ccc7d61018001cd95d

PODFILE CHECKSUM: 6cc19749c675613d2f439811503e2d47dfb6e40b

COCOAPODS: 1.15.2
